
Microsoft Visual Studio Solution File, Format Version 12.00
# Visual Studio Version 17
VisualStudioVersion = 17.8.34316.72
MinimumVisualStudioVersion = 10.0.40219.1
Project("{9A19103F-16F7-4668-BE54-9A1E7A4F7556}") = "app_maui_xaml", "app_maui_xaml\app_maui_xaml.csproj", "{18DB9CE4-9C57-43B6-AF34-6CA58AD5E088}"
EndProject
Global
	GlobalSection(SolutionConfigurationPlatforms) = preSolution
		Debug|Any CPU = Debug|Any CPU
		Release|Any CPU = Release|Any CPU
	EndGlobalSection
	GlobalSection(ProjectConfigurationPlatforms) = postSolution
		{18DB9CE4-9C57-43B6-AF34-6CA58AD5E088}.Debug|Any CPU.ActiveCfg = Debug|Any CPU
		{18DB9CE4-9C57-43B6-AF34-6CA58AD5E088}.Debug|Any CPU.Build.0 = Debug|Any CPU
		{18DB9CE4-9C57-43B6-AF34-6CA58AD5E088}.Debug|Any CPU.Deploy.0 = Debug|Any CPU
		{18DB9CE4-9C57-43B6-AF34-6CA58AD5E088}.Release|Any CPU.ActiveCfg = Release|Any CPU
		{18DB9CE4-9C57-43B6-AF34-6CA58AD5E088}.Release|Any CPU.Build.0 = Release|Any CPU
		{18DB9CE4-9C57-43B6-AF34-6CA58AD5E088}.Release|Any CPU.Deploy.0 = Release|Any CPU
	EndGlobalSection
	GlobalSection(SolutionProperties) = preSolution
		HideSolutionNode = FALSE
	EndGlobalSection
	GlobalSection(ExtensibilityGlobals) = postSolution
		SolutionGuid = {28D35DAD-2C31-4BF2-9DBF-4EF27166D142}
	EndGlobalSection
EndGlobal
